
Microsoft Visual Studio Solution File, Format Version 12.00
# Visual Studio Version 17
VisualStudioVersion = 17.13.35931.197
MinimumVisualStudioVersion = 10.0.40219.1
Project("{2150E333-8FDC-42A3-9474-1A3956D46DE8}") = "FrontEnd", "FrontEnd", "{02EA681E-C7D8-13C7-8484-4AC65E1B71E8}"
EndProject
Project("{2150E333-8FDC-42A3-9474-1A3956D46DE8}") = "Gateway", "Gateway", "{C3332BE9-6BD0-4D43-B5A5-8D5F0407A92D}"
EndProject
Project("{2150E333-8FDC-42A3-9474-1A3956D46DE8}") = "Integration", "Integration", "{90CEB16C-222C-475B-B87D-E024BAB69E6C}"
EndProject
Project("{2150E333-8FDC-42A3-9474-1A3956D46DE8}") = "Services", "Services", "{CD9D50B6-0FB9-4CDE-9FDF-976A5F19B42D}"
EndProject
Project("{FAE04EC0-301F-11D3-BF4B-00C04F79EFBC}") = "LA.Services.API", "LA.Services.API\LA.Services.API.csproj", "{57A74E2B-027D-4F2E-9A72-46BBEE18D68B}"
EndProject
Project("{2150E333-8FDC-42A3-9474-1A3956D46DE8}") = "NewFolder1", "NewFolder1", "{108F9825-0C3C-42CD-AE73-F6625D344477}"
EndProject
Project("{FAE04EC0-301F-11D3-BF4B-00C04F79EFBC}") = "Users.Services.API", "Users.Services.API\Users.Services.API.csproj", "{ACB2F024-719A-41C2-924E-890A0E230E09}"
EndProject
Project("{FAE04EC0-301F-11D3-BF4B-00C04F79EFBC}") = "Appointments.Services.API", "Appointments.Services.API\Appointments.Services.API.csproj", "{E45BBCB5-9EEB-4344-9336-7D5B493B23A8}"
EndProject
Project("{FAE04EC0-301F-11D3-BF4B-00C04F79EFBC}") = "API.Gateway", "API.Gateway\API.Gateway.csproj", "{F56CCCD6-0FEC-4345-A436-8E6C594C34B9}"
EndProject
Project("{FAE04EC0-301F-11D3-BF4B-00C04F79EFBC}") = "Chat.Services.API", "Chat.Services.API\Chat.Services.API.csproj", "{BA77473D-E170-4210-BE13-66987FEAD6B0}"
EndProject
Project("{2150E333-8FDC-42A3-9474-1A3956D46DE8}") = "Users", "Users", "{FEB4ABDB-BC66-4901-8F8E-5A53A9E5109E}"
EndProject
Project("{FAE04EC0-301F-11D3-BF4B-00C04F79EFBC}") = "Users.Infrastructure", "Users.Infrastructure\Users.Infrastructure.csproj", "{74762C37-410A-4BF0-9660-997276F77F26}"
EndProject
Project("{FAE04EC0-301F-11D3-BF4B-00C04F79EFBC}") = "Users.Application", "Users.Application\Users.Application.csproj", "{7721CF8F-6748-4DBF-944A-649F787D5144}"
EndProject
Project("{FAE04EC0-301F-11D3-BF4B-00C04F79EFBC}") = "Users.Domain", "Users.Domain\Users.Domain.csproj", "{E792D860-7EB6-40D9-BBA6-983A3491C9DD}"
EndProject
Project("{2150E333-8FDC-42A3-9474-1A3956D46DE8}") = "Lawyers", "Lawyers", "{C8D70133-0508-4991-97E4-5E069699A5F6}"
EndProject
Project("{FAE04EC0-301F-11D3-BF4B-00C04F79EFBC}") = "Lawyers.Domain", "Lawyers.Domain\Lawyers.Domain.csproj", "{A9258F8A-2217-4D71-AABA-DD5C0D629BEB}"
EndProject
Project("{FAE04EC0-301F-11D3-BF4B-00C04F79EFBC}") = "Lawyers.Infrastructure", "Lawyers.Infrastructure\Lawyers.Infrastructure.csproj", "{909BCB7D-A465-4834-9CD5-F80F23296106}"
EndProject
Project("{FAE04EC0-301F-11D3-BF4B-00C04F79EFBC}") = "Lawyers.Application", "Lawyers.Application\Lawyers.Application.csproj", "{C6A2FF5F-CC4E-4A17-A8FB-B16D26ACF44D}"
EndProject
Project("{2150E333-8FDC-42A3-9474-1A3956D46DE8}") = "Appointments", "Appointments", "{7E668D33-F37E-4470-ABA0-BD5869458E77}"
EndProject
Project("{FAE04EC0-301F-11D3-BF4B-00C04F79EFBC}") = "Appointments.Domain", "Appointments.Domain\Appointments.Domain.csproj", "{DC5AA05F-AA43-4028-98A5-CA02D3279710}"
EndProject
Project("{FAE04EC0-301F-11D3-BF4B-00C04F79EFBC}") = "Appointments.Infrastructure", "Appointments.Infrastructure\Appointments.Infrastructure.csproj", "{9521682E-455B-4F31-8A8B-A303A33E53D1}"
EndProject
Project("{FAE04EC0-301F-11D3-BF4B-00C04F79EFBC}") = "Appointments.Application", "Appointments.Application\Appointments.Application.csproj", "{0B63FA2F-7A77-45B6-8EB9-CCEA8E8078C1}"
EndProject
Project("{2150E333-8FDC-42A3-9474-1A3956D46DE8}") = "Chat", "Chat", "{69491193-ED7C-4E56-BBC7-A22CC6F8DB54}"
EndProject
Project("{FAE04EC0-301F-11D3-BF4B-00C04F79EFBC}") = "Chat.Infrastructure", "Chat.Infrastructure\Chat.Infrastructure.csproj", "{2A2C3360-0DBA-4D7C-80BB-391D11B9F5DB}"
EndProject
Project("{FAE04EC0-301F-11D3-BF4B-00C04F79EFBC}") = "Chat.Domain", "Chat.Domain\Chat.Domain.csproj", "{0AE4A863-6789-40AA-8BF5-9C07740AA982}"
EndProject
Project("{FAE04EC0-301F-11D3-BF4B-00C04F79EFBC}") = "Chat.Application", "Chat.Application\Chat.Application.csproj", "{F3FAE410-9E45-4B91-998D-B16F41F2CE4B}"
EndProject
Global
	GlobalSection(SolutionConfigurationPlatforms) = preSolution
		Debug|Any CPU = Debug|Any CPU
		Debug|x64 = Debug|x64
		Debug|x86 = Debug|x86
		Release|Any CPU = Release|Any CPU
		Release|x64 = Release|x64
		Release|x86 = Release|x86
	EndGlobalSection
	GlobalSection(ProjectConfigurationPlatforms) = postSolution
		{57A74E2B-027D-4F2E-9A72-46BBEE18D68B}.Debug|Any CPU.ActiveCfg = Debug|Any CPU
		{57A74E2B-027D-4F2E-9A72-46BBEE18D68B}.Debug|Any CPU.Build.0 = Debug|Any CPU
		{57A74E2B-027D-4F2E-9A72-46BBEE18D68B}.Debug|x64.ActiveCfg = Debug|Any CPU
		{57A74E2B-027D-4F2E-9A72-46BBEE18D68B}.Debug|x64.Build.0 = Debug|Any CPU
		{57A74E2B-027D-4F2E-9A72-46BBEE18D68B}.Debug|x86.ActiveCfg = Debug|Any CPU
		{57A74E2B-027D-4F2E-9A72-46BBEE18D68B}.Debug|x86.Build.0 = Debug|Any CPU
		{57A74E2B-027D-4F2E-9A72-46BBEE18D68B}.Release|Any CPU.ActiveCfg = Release|Any CPU
		{57A74E2B-027D-4F2E-9A72-46BBEE18D68B}.Release|Any CPU.Build.0 = Release|Any CPU
		{57A74E2B-027D-4F2E-9A72-46BBEE18D68B}.Release|x64.ActiveCfg = Release|Any CPU
		{57A74E2B-027D-4F2E-9A72-46BBEE18D68B}.Release|x64.Build.0 = Release|Any CPU
		{57A74E2B-027D-4F2E-9A72-46BBEE18D68B}.Release|x86.ActiveCfg = Release|Any CPU
		{57A74E2B-027D-4F2E-9A72-46BBEE18D68B}.Release|x86.Build.0 = Release|Any CPU
		{ACB2F024-719A-41C2-924E-890A0E230E09}.Debug|Any CPU.ActiveCfg = Debug|Any CPU
		{ACB2F024-719A-41C2-924E-890A0E230E09}.Debug|Any CPU.Build.0 = Debug|Any CPU
		{ACB2F024-719A-41C2-924E-890A0E230E09}.Debug|x64.ActiveCfg = Debug|Any CPU
		{ACB2F024-719A-41C2-924E-890A0E230E09}.Debug|x64.Build.0 = Debug|Any CPU
		{ACB2F024-719A-41C2-924E-890A0E230E09}.Debug|x86.ActiveCfg = Debug|Any CPU
		{ACB2F024-719A-41C2-924E-890A0E230E09}.Debug|x86.Build.0 = Debug|Any CPU
		{ACB2F024-719A-41C2-924E-890A0E230E09}.Release|Any CPU.ActiveCfg = Release|Any CPU
		{ACB2F024-719A-41C2-924E-890A0E230E09}.Release|Any CPU.Build.0 = Release|Any CPU
		{ACB2F024-719A-41C2-924E-890A0E230E09}.Release|x64.ActiveCfg = Release|Any CPU
		{ACB2F024-719A-41C2-924E-890A0E230E09}.Release|x64.Build.0 = Release|Any CPU
		{ACB2F024-719A-41C2-924E-890A0E230E09}.Release|x86.ActiveCfg = Release|Any CPU
		{ACB2F024-719A-41C2-924E-890A0E230E09}.Release|x86.Build.0 = Release|Any CPU
		{E45BBCB5-9EEB-4344-9336-7D5B493B23A8}.Debug|Any CPU.ActiveCfg = Debug|Any CPU
		{E45BBCB5-9EEB-4344-9336-7D5B493B23A8}.Debug|Any CPU.Build.0 = Debug|Any CPU
		{E45BBCB5-9EEB-4344-9336-7D5B493B23A8}.Debug|x64.ActiveCfg = Debug|Any CPU
		{E45BBCB5-9EEB-4344-9336-7D5B493B23A8}.Debug|x64.Build.0 = Debug|Any CPU
		{E45BBCB5-9EEB-4344-9336-7D5B493B23A8}.Debug|x86.ActiveCfg = Debug|Any CPU
		{E45BBCB5-9EEB-4344-9336-7D5B493B23A8}.Debug|x86.Build.0 = Debug|Any CPU
		{E45BBCB5-9EEB-4344-9336-7D5B493B23A8}.Release|Any CPU.ActiveCfg = Release|Any CPU
		{E45BBCB5-9EEB-4344-9336-7D5B493B23A8}.Release|Any CPU.Build.0 = Release|Any CPU
		{E45BBCB5-9EEB-4344-9336-7D5B493B23A8}.Release|x64.ActiveCfg = Release|Any CPU
		{E45BBCB5-9EEB-4344-9336-7D5B493B23A8}.Release|x64.Build.0 = Release|Any CPU
		{E45BBCB5-9EEB-4344-9336-7D5B493B23A8}.Release|x86.ActiveCfg = Release|Any CPU
		{E45BBCB5-9EEB-4344-9336-7D5B493B23A8}.Release|x86.Build.0 = Release|Any CPU
		{F56CCCD6-0FEC-4345-A436-8E6C594C34B9}.Debug|Any CPU.ActiveCfg = Debug|Any CPU
		{F56CCCD6-0FEC-4345-A436-8E6C594C34B9}.Debug|Any CPU.Build.0 = Debug|Any CPU
		{F56CCCD6-0FEC-4345-A436-8E6C594C34B9}.Debug|x64.ActiveCfg = Debug|Any CPU
		{F56CCCD6-0FEC-4345-A436-8E6C594C34B9}.Debug|x64.Build.0 = Debug|Any CPU
		{F56CCCD6-0FEC-4345-A436-8E6C594C34B9}.Debug|x86.ActiveCfg = Debug|Any CPU
		{F56CCCD6-0FEC-4345-A436-8E6C594C34B9}.Debug|x86.Build.0 = Debug|Any CPU
		{F56CCCD6-0FEC-4345-A436-8E6C594C34B9}.Release|Any CPU.ActiveCfg = Release|Any CPU
		{F56CCCD6-0FEC-4345-A436-8E6C594C34B9}.Release|Any CPU.Build.0 = Release|Any CPU
		{F56CCCD6-0FEC-4345-A436-8E6C594C34B9}.Release|x64.ActiveCfg = Release|Any CPU
		{F56CCCD6-0FEC-4345-A436-8E6C594C34B9}.Release|x64.Build.0 = Release|Any CPU
		{F56CCCD6-0FEC-4345-A436-8E6C594C34B9}.Release|x86.ActiveCfg = Release|Any CPU
		{F56CCCD6-0FEC-4345-A436-8E6C594C34B9}.Release|x86.Build.0 = Release|Any CPU
		{BA77473D-E170-4210-BE13-66987FEAD6B0}.Debug|Any CPU.ActiveCfg = Debug|Any CPU
		{BA77473D-E170-4210-BE13-66987FEAD6B0}.Debug|Any CPU.Build.0 = Debug|Any CPU
		{BA77473D-E170-4210-BE13-66987FEAD6B0}.Debug|x64.ActiveCfg = Debug|Any CPU
		{BA77473D-E170-4210-BE13-66987FEAD6B0}.Debug|x64.Build.0 = Debug|Any CPU
		{BA77473D-E170-4210-BE13-66987FEAD6B0}.Debug|x86.ActiveCfg = Debug|Any CPU
		{BA77473D-E170-4210-BE13-66987FEAD6B0}.Debug|x86.Build.0 = Debug|Any CPU
		{BA77473D-E170-4210-BE13-66987FEAD6B0}.Release|Any CPU.ActiveCfg = Release|Any CPU
		{BA77473D-E170-4210-BE13-66987FEAD6B0}.Release|Any CPU.Build.0 = Release|Any CPU
		{BA77473D-E170-4210-BE13-66987FEAD6B0}.Release|x64.ActiveCfg = Release|Any CPU
		{BA77473D-E170-4210-BE13-66987FEAD6B0}.Release|x64.Build.0 = Release|Any CPU
		{BA77473D-E170-4210-BE13-66987FEAD6B0}.Release|x86.ActiveCfg = Release|Any CPU
		{BA77473D-E170-4210-BE13-66987FEAD6B0}.Release|x86.Build.0 = Release|Any CPU
		{74762C37-410A-4BF0-9660-997276F77F26}.Debug|Any CPU.ActiveCfg = Debug|Any CPU
		{74762C37-410A-4BF0-9660-997276F77F26}.Debug|Any CPU.Build.0 = Debug|Any CPU
		{74762C37-410A-4BF0-9660-997276F77F26}.Debug|x64.ActiveCfg = Debug|Any CPU
		{74762C37-410A-4BF0-9660-997276F77F26}.Debug|x64.Build.0 = Debug|Any CPU
		{74762C37-410A-4BF0-9660-997276F77F26}.Debug|x86.ActiveCfg = Debug|Any CPU
		{74762C37-410A-4BF0-9660-997276F77F26}.Debug|x86.Build.0 = Debug|Any CPU
		{74762C37-410A-4BF0-9660-997276F77F26}.Release|Any CPU.ActiveCfg = Release|Any CPU
		{74762C37-410A-4BF0-9660-997276F77F26}.Release|Any CPU.Build.0 = Release|Any CPU
		{74762C37-410A-4BF0-9660-997276F77F26}.Release|x64.ActiveCfg = Release|Any CPU
		{74762C37-410A-4BF0-9660-997276F77F26}.Release|x64.Build.0 = Release|Any CPU
		{74762C37-410A-4BF0-9660-997276F77F26}.Release|x86.ActiveCfg = Release|Any CPU
		{74762C37-410A-4BF0-9660-997276F77F26}.Release|x86.Build.0 = Release|Any CPU
		{7721CF8F-6748-4DBF-944A-649F787D5144}.Debug|Any CPU.ActiveCfg = Debug|Any CPU
		{7721CF8F-6748-4DBF-944A-649F787D5144}.Debug|Any CPU.Build.0 = Debug|Any CPU
		{7721CF8F-6748-4DBF-944A-649F787D5144}.Debug|x64.ActiveCfg = Debug|Any CPU
		{7721CF8F-6748-4DBF-944A-649F787D5144}.Debug|x64.Build.0 = Debug|Any CPU
		{7721CF8F-6748-4DBF-944A-649F787D5144}.Debug|x86.ActiveCfg = Debug|Any CPU
		{7721CF8F-6748-4DBF-944A-649F787D5144}.Debug|x86.Build.0 = Debug|Any CPU
		{7721CF8F-6748-4DBF-944A-649F787D5144}.Release|Any CPU.ActiveCfg = Release|Any CPU
		{7721CF8F-6748-4DBF-944A-649F787D5144}.Release|Any CPU.Build.0 = Release|Any CPU
		{7721CF8F-6748-4DBF-944A-649F787D5144}.Release|x64.ActiveCfg = Release|Any CPU
		{7721CF8F-6748-4DBF-944A-649F787D5144}.Release|x64.Build.0 = Release|Any CPU
		{7721CF8F-6748-4DBF-944A-649F787D5144}.Release|x86.ActiveCfg = Release|Any CPU
		{7721CF8F-6748-4DBF-944A-649F787D5144}.Release|x86.Build.0 = Release|Any CPU
		{E792D860-7EB6-40D9-BBA6-983A3491C9DD}.Debug|Any CPU.ActiveCfg = Debug|Any CPU
		{E792D860-7EB6-40D9-BBA6-983A3491C9DD}.Debug|Any CPU.Build.0 = Debug|Any CPU
		{E792D860-7EB6-40D9-BBA6-983A3491C9DD}.Debug|x64.ActiveCfg = Debug|Any CPU
		{E792D860-7EB6-40D9-BBA6-983A3491C9DD}.Debug|x64.Build.0 = Debug|Any CPU
		{E792D860-7EB6-40D9-BBA6-983A3491C9DD}.Debug|x86.ActiveCfg = Debug|Any CPU
		{E792D860-7EB6-40D9-BBA6-983A3491C9DD}.Debug|x86.Build.0 = Debug|Any CPU
		{E792D860-7EB6-40D9-BBA6-983A3491C9DD}.Release|Any CPU.ActiveCfg = Release|Any CPU
		{E792D860-7EB6-40D9-BBA6-983A3491C9DD}.Release|Any CPU.Build.0 = Release|Any CPU
		{E792D860-7EB6-40D9-BBA6-983A3491C9DD}.Release|x64.ActiveCfg = Release|Any CPU
		{E792D860-7EB6-40D9-BBA6-983A3491C9DD}.Release|x64.Build.0 = Release|Any CPU
		{E792D860-7EB6-40D9-BBA6-983A3491C9DD}.Release|x86.ActiveCfg = Release|Any CPU
		{E792D860-7EB6-40D9-BBA6-983A3491C9DD}.Release|x86.Build.0 = Release|Any CPU
		{A9258F8A-2217-4D71-AABA-DD5C0D629BEB}.Debug|Any CPU.ActiveCfg = Debug|Any CPU
		{A9258F8A-2217-4D71-AABA-DD5C0D629BEB}.Debug|Any CPU.Build.0 = Debug|Any CPU
		{A9258F8A-2217-4D71-AABA-DD5C0D629BEB}.Debug|x64.ActiveCfg = Debug|Any CPU
		{A9258F8A-2217-4D71-AABA-DD5C0D629BEB}.Debug|x64.Build.0 = Debug|Any CPU
		{A9258F8A-2217-4D71-AABA-DD5C0D629BEB}.Debug|x86.ActiveCfg = Debug|Any CPU
		{A9258F8A-2217-4D71-AABA-DD5C0D629BEB}.Debug|x86.Build.0 = Debug|Any CPU
		{A9258F8A-2217-4D71-AABA-DD5C0D629BEB}.Release|Any CPU.ActiveCfg = Release|Any CPU
		{A9258F8A-2217-4D71-AABA-DD5C0D629BEB}.Release|Any CPU.Build.0 = Release|Any CPU
		{A9258F8A-2217-4D71-AABA-DD5C0D629BEB}.Release|x64.ActiveCfg = Release|Any CPU
		{A9258F8A-2217-4D71-AABA-DD5C0D629BEB}.Release|x64.Build.0 = Release|Any CPU
		{A9258F8A-2217-4D71-AABA-DD5C0D629BEB}.Release|x86.ActiveCfg = Release|Any CPU
		{A9258F8A-2217-4D71-AABA-DD5C0D629BEB}.Release|x86.Build.0 = Release|Any CPU
		{909BCB7D-A465-4834-9CD5-F80F23296106}.Debug|Any CPU.ActiveCfg = Debug|Any CPU
		{909BCB7D-A465-4834-9CD5-F80F23296106}.Debug|Any CPU.Build.0 = Debug|Any CPU
		{909BCB7D-A465-4834-9CD5-F80F23296106}.Debug|x64.ActiveCfg = Debug|Any CPU
		{909BCB7D-A465-4834-9CD5-F80F23296106}.Debug|x64.Build.0 = Debug|Any CPU
		{909BCB7D-A465-4834-9CD5-F80F23296106}.Debug|x86.ActiveCfg = Debug|Any CPU
		{909BCB7D-A465-4834-9CD5-F80F23296106}.Debug|x86.Build.0 = Debug|Any CPU
		{909BCB7D-A465-4834-9CD5-F80F23296106}.Release|Any CPU.ActiveCfg = Release|Any CPU
		{909BCB7D-A465-4834-9CD5-F80F23296106}.Release|Any CPU.Build.0 = Release|Any CPU
		{909BCB7D-A465-4834-9CD5-F80F23296106}.Release|x64.ActiveCfg = Release|Any CPU
		{909BCB7D-A465-4834-9CD5-F80F23296106}.Release|x64.Build.0 = Release|Any CPU
		{909BCB7D-A465-4834-9CD5-F80F23296106}.Release|x86.ActiveCfg = Release|Any CPU
		{909BCB7D-A465-4834-9CD5-F80F23296106}.Release|x86.Build.0 = Release|Any CPU
		{C6A2FF5F-CC4E-4A17-A8FB-B16D26ACF44D}.Debug|Any CPU.ActiveCfg = Debug|Any CPU
		{C6A2FF5F-CC4E-4A17-A8FB-B16D26ACF44D}.Debug|Any CPU.Build.0 = Debug|Any CPU
		{C6A2FF5F-CC4E-4A17-A8FB-B16D26ACF44D}.Debug|x64.ActiveCfg = Debug|Any CPU
		{C6A2FF5F-CC4E-4A17-A8FB-B16D26ACF44D}.Debug|x64.Build.0 = Debug|Any CPU
		{C6A2FF5F-CC4E-4A17-A8FB-B16D26ACF44D}.Debug|x86.ActiveCfg = Debug|Any CPU
		{C6A2FF5F-CC4E-4A17-A8FB-B16D26ACF44D}.Debug|x86.Build.0 = Debug|Any CPU
		{C6A2FF5F-CC4E-4A17-A8FB-B16D26ACF44D}.Release|Any CPU.ActiveCfg = Release|Any CPU
		{C6A2FF5F-CC4E-4A17-A8FB-B16D26ACF44D}.Release|Any CPU.Build.0 = Release|Any CPU
		{C6A2FF5F-CC4E-4A17-A8FB-B16D26ACF44D}.Release|x64.ActiveCfg = Release|Any CPU
		{C6A2FF5F-CC4E-4A17-A8FB-B16D26ACF44D}.Release|x64.Build.0 = Release|Any CPU
		{C6A2FF5F-CC4E-4A17-A8FB-B16D26ACF44D}.Release|x86.ActiveCfg = Release|Any CPU
		{C6A2FF5F-CC4E-4A17-A8FB-B16D26ACF44D}.Release|x86.Build.0 = Release|Any CPU
		{DC5AA05F-AA43-4028-98A5-CA02D3279710}.Debug|Any CPU.ActiveCfg = Debug|Any CPU
		{DC5AA05F-AA43-4028-98A5-CA02D3279710}.Debug|Any CPU.Build.0 = Debug|Any CPU
		{DC5AA05F-AA43-4028-98A5-CA02D3279710}.Debug|x64.ActiveCfg = Debug|Any CPU
		{DC5AA05F-AA43-4028-98A5-CA02D3279710}.Debug|x64.Build.0 = Debug|Any CPU
		{DC5AA05F-AA43-4028-98A5-CA02D3279710}.Debug|x86.ActiveCfg = Debug|Any CPU
		{DC5AA05F-AA43-4028-98A5-CA02D3279710}.Debug|x86.Build.0 = Debug|Any CPU
		{DC5AA05F-AA43-4028-98A5-CA02D3279710}.Release|Any CPU.ActiveCfg = Release|Any CPU
		{DC5AA05F-AA43-4028-98A5-CA02D3279710}.Release|Any CPU.Build.0 = Release|Any CPU
		{DC5AA05F-AA43-4028-98A5-CA02D3279710}.Release|x64.ActiveCfg = Release|Any CPU
		{DC5AA05F-AA43-4028-98A5-CA02D3279710}.Release|x64.Build.0 = Release|Any CPU
		{DC5AA05F-AA43-4028-98A5-CA02D3279710}.Release|x86.ActiveCfg = Release|Any CPU
		{DC5AA05F-AA43-4028-98A5-CA02D3279710}.Release|x86.Build.0 = Release|Any CPU
		{9521682E-455B-4F31-8A8B-A303A33E53D1}.Debug|Any CPU.ActiveCfg = Debug|Any CPU
		{9521682E-455B-4F31-8A8B-A303A33E53D1}.Debug|Any CPU.Build.0 = Debug|Any CPU
		{9521682E-455B-4F31-8A8B-A303A33E53D1}.Debug|x64.ActiveCfg = Debug|Any CPU
		{9521682E-455B-4F31-8A8B-A303A33E53D1}.Debug|x64.Build.0 = Debug|Any CPU
		{9521682E-455B-4F31-8A8B-A303A33E53D1}.Debug|x86.ActiveCfg = Debug|Any CPU
		{9521682E-455B-4F31-8A8B-A303A33E53D1}.Debug|x86.Build.0 = Debug|Any CPU
		{9521682E-455B-4F31-8A8B-A303A33E53D1}.Release|Any CPU.ActiveCfg = Release|Any CPU
		{9521682E-455B-4F31-8A8B-A303A33E53D1}.Release|Any CPU.Build.0 = Release|Any CPU
		{9521682E-455B-4F31-8A8B-A303A33E53D1}.Release|x64.ActiveCfg = Release|Any CPU
		{9521682E-455B-4F31-8A8B-A303A33E53D1}.Release|x64.Build.0 = Release|Any CPU
		{9521682E-455B-4F31-8A8B-A303A33E53D1}.Release|x86.ActiveCfg = Release|Any CPU
		{9521682E-455B-4F31-8A8B-A303A33E53D1}.Release|x86.Build.0 = Release|Any CPU
		{0B63FA2F-7A77-45B6-8EB9-CCEA8E8078C1}.Debug|Any CPU.ActiveCfg = Debug|Any CPU
		{0B63FA2F-7A77-45B6-8EB9-CCEA8E8078C1}.Debug|Any CPU.Build.0 = Debug|Any CPU
		{0B63FA2F-7A77-45B6-8EB9-CCEA8E8078C1}.Debug|x64.ActiveCfg = Debug|Any CPU
		{0B63FA2F-7A77-45B6-8EB9-CCEA8E8078C1}.Debug|x64.Build.0 = Debug|Any CPU
		{0B63FA2F-7A77-45B6-8EB9-CCEA8E8078C1}.Debug|x86.ActiveCfg = Debug|Any CPU
		{0B63FA2F-7A77-45B6-8EB9-CCEA8E8078C1}.Debug|x86.Build.0 = Debug|Any CPU
		{0B63FA2F-7A77-45B6-8EB9-CCEA8E8078C1}.Release|Any CPU.ActiveCfg = Release|Any CPU
		{0B63FA2F-7A77-45B6-8EB9-CCEA8E8078C1}.Release|Any CPU.Build.0 = Release|Any CPU
		{0B63FA2F-7A77-45B6-8EB9-CCEA8E8078C1}.Release|x64.ActiveCfg = Release|Any CPU
		{0B63FA2F-7A77-45B6-8EB9-CCEA8E8078C1}.Release|x64.Build.0 = Release|Any CPU
		{0B63FA2F-7A77-45B6-8EB9-CCEA8E8078C1}.Release|x86.ActiveCfg = Release|Any CPU
		{0B63FA2F-7A77-45B6-8EB9-CCEA8E8078C1}.Release|x86.Build.0 = Release|Any CPU
		{2A2C3360-0DBA-4D7C-80BB-391D11B9F5DB}.Debug|Any CPU.ActiveCfg = Debug|Any CPU
		{2A2C3360-0DBA-4D7C-80BB-391D11B9F5DB}.Debug|Any CPU.Build.0 = Debug|Any CPU
		{2A2C3360-0DBA-4D7C-80BB-391D11B9F5DB}.Debug|x64.ActiveCfg = Debug|Any CPU
		{2A2C3360-0DBA-4D7C-80BB-391D11B9F5DB}.Debug|x64.Build.0 = Debug|Any CPU
		{2A2C3360-0DBA-4D7C-80BB-391D11B9F5DB}.Debug|x86.ActiveCfg = Debug|Any CPU
		{2A2C3360-0DBA-4D7C-80BB-391D11B9F5DB}.Debug|x86.Build.0 = Debug|Any CPU
		{2A2C3360-0DBA-4D7C-80BB-391D11B9F5DB}.Release|Any CPU.ActiveCfg = Release|Any CPU
		{2A2C3360-0DBA-4D7C-80BB-391D11B9F5DB}.Release|Any CPU.Build.0 = Release|Any CPU
		{2A2C3360-0DBA-4D7C-80BB-391D11B9F5DB}.Release|x64.ActiveCfg = Release|Any CPU
		{2A2C3360-0DBA-4D7C-80BB-391D11B9F5DB}.Release|x64.Build.0 = Release|Any CPU
		{2A2C3360-0DBA-4D7C-80BB-391D11B9F5DB}.Release|x86.ActiveCfg = Release|Any CPU
		{2A2C3360-0DBA-4D7C-80BB-391D11B9F5DB}.Release|x86.Build.0 = Release|Any CPU
		{0AE4A863-6789-40AA-8BF5-9C07740AA982}.Debug|Any CPU.ActiveCfg = Debug|Any CPU
		{0AE4A863-6789-40AA-8BF5-9C07740AA982}.Debug|Any CPU.Build.0 = Debug|Any CPU
		{0AE4A863-6789-40AA-8BF5-9C07740AA982}.Debug|x64.ActiveCfg = Debug|Any CPU
		{0AE4A863-6789-40AA-8BF5-9C07740AA982}.Debug|x64.Build.0 = Debug|Any CPU
		{0AE4A863-6789-40AA-8BF5-9C07740AA982}.Debug|x86.ActiveCfg = Debug|Any CPU
		{0AE4A863-6789-40AA-8BF5-9C07740AA982}.Debug|x86.Build.0 = Debug|Any CPU
		{0AE4A863-6789-40AA-8BF5-9C07740AA982}.Release|Any CPU.ActiveCfg = Release|Any CPU
		{0AE4A863-6789-40AA-8BF5-9C07740AA982}.Release|Any CPU.Build.0 = Release|Any CPU
		{0AE4A863-6789-40AA-8BF5-9C07740AA982}.Release|x64.ActiveCfg = Release|Any CPU
		{0AE4A863-6789-40AA-8BF5-9C07740AA982}.Release|x64.Build.0 = Release|Any CPU
		{0AE4A863-6789-40AA-8BF5-9C07740AA982}.Release|x86.ActiveCfg = Release|Any CPU
		{0AE4A863-6789-40AA-8BF5-9C07740AA982}.Release|x86.Build.0 = Release|Any CPU
		{F3FAE410-9E45-4B91-998D-B16F41F2CE4B}.Debug|Any CPU.ActiveCfg = Debug|Any CPU
		{F3FAE410-9E45-4B91-998D-B16F41F2CE4B}.Debug|Any CPU.Build.0 = Debug|Any CPU
		{F3FAE410-9E45-4B91-998D-B16F41F2CE4B}.Debug|x64.ActiveCfg = Debug|Any CPU
		{F3FAE410-9E45-4B91-998D-B16F41F2CE4B}.Debug|x64.Build.0 = Debug|Any CPU
		{F3FAE410-9E45-4B91-998D-B16F41F2CE4B}.Debug|x86.ActiveCfg = Debug|Any CPU
		{F3FAE410-9E45-4B91-998D-B16F41F2CE4B}.Debug|x86.Build.0 = Debug|Any CPU
		{F3FAE410-9E45-4B91-998D-B16F41F2CE4B}.Release|Any CPU.ActiveCfg = Release|Any CPU
		{F3FAE410-9E45-4B91-998D-B16F41F2CE4B}.Release|Any CPU.Build.0 = Release|Any CPU
		{F3FAE410-9E45-4B91-998D-B16F41F2CE4B}.Release|x64.ActiveCfg = Release|Any CPU
		{F3FAE410-9E45-4B91-998D-B16F41F2CE4B}.Release|x64.Build.0 = Release|Any CPU
		{F3FAE410-9E45-4B91-998D-B16F41F2CE4B}.Release|x86.ActiveCfg = Release|Any CPU
		{F3FAE410-9E45-4B91-998D-B16F41F2CE4B}.Release|x86.Build.0 = Release|Any CPU
	EndGlobalSection
	GlobalSection(SolutionProperties) = preSolution
		HideSolutionNode = FALSE
	EndGlobalSection
	GlobalSection(NestedProjects) = preSolution
		{57A74E2B-027D-4F2E-9A72-46BBEE18D68B} = {C8D70133-0508-4991-97E4-5E069699A5F6}
		{108F9825-0C3C-42CD-AE73-F6625D344477} = {CD9D50B6-0FB9-4CDE-9FDF-976A5F19B42D}
		{ACB2F024-719A-41C2-924E-890A0E230E09} = {FEB4ABDB-BC66-4901-8F8E-5A53A9E5109E}
		{E45BBCB5-9EEB-4344-9336-7D5B493B23A8} = {7E668D33-F37E-4470-ABA0-BD5869458E77}
		{F56CCCD6-0FEC-4345-A436-8E6C594C34B9} = {C3332BE9-6BD0-4D43-B5A5-8D5F0407A92D}
		{BA77473D-E170-4210-BE13-66987FEAD6B0} = {69491193-ED7C-4E56-BBC7-A22CC6F8DB54}
		{FEB4ABDB-BC66-4901-8F8E-5A53A9E5109E} = {CD9D50B6-0FB9-4CDE-9FDF-976A5F19B42D}
		{74762C37-410A-4BF0-9660-997276F77F26} = {FEB4ABDB-BC66-4901-8F8E-5A53A9E5109E}
		{7721CF8F-6748-4DBF-944A-649F787D5144} = {FEB4ABDB-BC66-4901-8F8E-5A53A9E5109E}
		{E792D860-7EB6-40D9-BBA6-983A3491C9DD} = {FEB4ABDB-BC66-4901-8F8E-5A53A9E5109E}
		{C8D70133-0508-4991-97E4-5E069699A5F6} = {CD9D50B6-0FB9-4CDE-9FDF-976A5F19B42D}
		{A9258F8A-2217-4D71-AABA-DD5C0D629BEB} = {C8D70133-0508-4991-97E4-5E069699A5F6}
		{909BCB7D-A465-4834-9CD5-F80F23296106} = {C8D70133-0508-4991-97E4-5E069699A5F6}
		{C6A2FF5F-CC4E-4A17-A8FB-B16D26ACF44D} = {C8D70133-0508-4991-97E4-5E069699A5F6}
		{7E668D33-F37E-4470-ABA0-BD5869458E77} = {CD9D50B6-0FB9-4CDE-9FDF-976A5F19B42D}
		{DC5AA05F-AA43-4028-98A5-CA02D3279710} = {7E668D33-F37E-4470-ABA0-BD5869458E77}
		{9521682E-455B-4F31-8A8B-A303A33E53D1} = {7E668D33-F37E-4470-ABA0-BD5869458E77}
		{0B63FA2F-7A77-45B6-8EB9-CCEA8E8078C1} = {7E668D33-F37E-4470-ABA0-BD5869458E77}
		{69491193-ED7C-4E56-BBC7-A22CC6F8DB54} = {CD9D50B6-0FB9-4CDE-9FDF-976A5F19B42D}
		{2A2C3360-0DBA-4D7C-80BB-391D11B9F5DB} = {69491193-ED7C-4E56-BBC7-A22CC6F8DB54}
		{0AE4A863-6789-40AA-8BF5-9C07740AA982} = {69491193-ED7C-4E56-BBC7-A22CC6F8DB54}
		{F3FAE410-9E45-4B91-998D-B16F41F2CE4B} = {69491193-ED7C-4E56-BBC7-A22CC6F8DB54}
	EndGlobalSection
	GlobalSection(ExtensibilityGlobals) = postSolution
		SolutionGuid = {23FD571F-DEF5-49D7-8864-FE9BF9C1E98B}
	EndGlobalSection
EndGlobal
